
Microsoft Visual Studio Solution File, Format Version 12.00
# Visual Studio Version 16
VisualStudioVersion = 16.0.30413.136
MinimumVisualStudioVersion = 10.0.40219.1
Project("{FAE04EC0-301F-11D3-BF4B-00C04F79EFBC}") = "EShopWebAPI", "EShopWebAPI\EShopWebAPI.csproj", "{ED18C99D-25BB-435C-8957-4EC0E6E91B68}"
EndProject
Global
	GlobalSection(SolutionConfigurationPlatforms) = preSolution
		Debug|Any CPU = Debug|Any CPU
		Release|Any CPU = Release|Any CPU
	EndGlobalSection
	GlobalSection(ProjectConfigurationPlatforms) = postSolution
		{ED18C99D-25BB-435C-8957-4EC0E6E91B68}.Debug|Any CPU.ActiveCfg = Debug|Any CPU
		{ED18C99D-25BB-435C-8957-4EC0E6E91B68}.Debug|Any CPU.Build.0 = Debug|Any CPU
		{ED18C99D-25BB-435C-8957-4EC0E6E91B68}.Release|Any CPU.ActiveCfg = Release|Any CPU
		{ED18C99D-25BB-435C-8957-4EC0E6E91B68}.Release|Any CPU.Build.0 = Release|Any CPU
	EndGlobalSection
	GlobalSection(SolutionProperties) = preSolution
		HideSolutionNode = FALSE
	EndGlobalSection
	GlobalSection(ExtensibilityGlobals) = postSolution
		SolutionGuid = {A6CF28BF-D99A-490F-A1D0-705B44747E6D}
	EndGlobalSection
EndGlobal
